
Microsoft Visual Studio Solution File, Format Version 12.00
# Visual Studio 2013
VisualStudioVersion = 12.0.31101.0
MinimumVisualStudioVersion = 10.0.40219.1
Project("{FAE04EC0-301F-11D3-BF4B-00C04F79EFBC}") = "Shop", "Shop\Shop.csproj", "{972AA8D2-E521-46F7-8186-D1188F408236}"
EndProject
Project("{FAE04EC0-301F-11D3-BF4B-00C04F79EFBC}") = "YB_Shop.Tests", "YB_Shop.Tests\YB_Shop.Tests.csproj", "{4E4DCD84-62B0-4E73-91DA-F4FE40E9DD27}"
EndProject
Global
	GlobalSection(SolutionConfigurationPlatforms) = preSolution
		Debug|Any CPU = Debug|Any CPU
		Release|Any CPU = Release|Any CPU
	EndGlobalSection
	GlobalSection(ProjectConfigurationPlatforms) = postSolution
		{972AA8D2-E521-46F7-8186-D1188F408236}.Debug|Any CPU.ActiveCfg = Debug|Any CPU
		{972AA8D2-E521-46F7-8186-D1188F408236}.Debug|Any CPU.Build.0 = Debug|Any CPU
		{972AA8D2-E521-46F7-8186-D1188F408236}.Release|Any CPU.ActiveCfg = Release|Any CPU
		{972AA8D2-E521-46F7-8186-D1188F408236}.Release|Any CPU.Build.0 = Release|Any CPU
		{4E4DCD84-62B0-4E73-91DA-F4FE40E9DD27}.Debug|Any CPU.ActiveCfg = Debug|Any CPU
		{4E4DCD84-62B0-4E73-91DA-F4FE40E9DD27}.Debug|Any CPU.Build.0 = Debug|Any CPU
		{4E4DCD84-62B0-4E73-91DA-F4FE40E9DD27}.Release|Any CPU.ActiveCfg = Release|Any CPU
		{4E4DCD84-62B0-4E73-91DA-F4FE40E9DD27}.Release|Any CPU.Build.0 = Release|Any CPU
	EndGlobalSection
	GlobalSection(SolutionProperties) = preSolution
		HideSolutionNode = FALSE
	EndGlobalSection
EndGlobal
